
Microsoft Visual Studio Solution File, Format Version 12.00
# Visual Studio Version 17
VisualStudioVersion = 17.3.32804.467
MinimumVisualStudioVersion = 10.0.40219.1
Project("{FAE04EC0-301F-11D3-BF4B-00C04F79EFBC}") = "CodingTracker", "CodingTracker\CodingTracker.csproj", "{8BC5689A-B9B1-4701-A897-A48C681DD411}"
EndProject
Global
	GlobalSection(SolutionConfigurationPlatforms) = preSolution
		Debug|Any CPU = Debug|Any CPU
		Release|Any CPU = Release|Any CPU
	EndGlobalSection
	GlobalSection(ProjectConfigurationPlatforms) = postSolution
		{8BC5689A-B9B1-4701-A897-A48C681DD411}.Debug|Any CPU.ActiveCfg = Debug|Any CPU
		{8BC5689A-B9B1-4701-A897-A48C681DD411}.Debug|Any CPU.Build.0 = Debug|Any CPU
		{8BC5689A-B9B1-4701-A897-A48C681DD411}.Release|Any CPU.ActiveCfg = Release|Any CPU
		{8BC5689A-B9B1-4701-A897-A48C681DD411}.Release|Any CPU.Build.0 = Release|Any CPU
	EndGlobalSection
	GlobalSection(SolutionProperties) = preSolution
		HideSolutionNode = FALSE
	EndGlobalSection
	GlobalSection(ExtensibilityGlobals) = postSolution
		SolutionGuid = {429E9B16-664D-4E42-91A2-5D6DDDFEC540}
	EndGlobalSection
EndGlobal
